lockfileVersion: '9.0'

settings:
  autoInstallPeers: true
  excludeLinksFromLockfile: false

overrides:
  glob@<8.0.0: ^10.4.5
  inflight: npm:noop2@^2.0.0

importers:

  .:
    dependencies:
      tslib:
        specifier: ^2.8.1
        version: 2.8.1
      zod:
        specifier: ^4.0.17
        version: 4.0.17

packages:

  tslib@2.8.1:
    resolution: {integrity: sha512-oJFu94HQb+KVduSUQL7wnpmqnfmLsOA/nAh6b6EH0wCEoK0/mPeXU6c3wKDV83MkOuHPRHtSXKKU99IBazS/2w==}

  zod@4.0.17:
    resolution: {integrity: sha512-1PHjlYRevNxxdy2JZ8JcNAw7rX8V9P1AKkP+x/xZfxB0K5FYfuV+Ug6P/6NVSR2jHQ+FzDDoDHS04nYUsOIyLQ==}

snapshots:

  tslib@2.8.1: {}

  zod@4.0.17: {}
